
Microsoft Visual Studio Solution File, Format Version 12.00
# Visual Studio Version 17
VisualStudioVersion = 17.4.33205.214
MinimumVisualStudioVersion = 10.0.40219.1
Project("{FAE04EC0-301F-11D3-BF4B-00C04F79EFBC}") = "QLTourDuLichAPI", "QLTourDuLichAPI\QLTourDuLichAPI.csproj", "{8E056E3E-BCB5-4EC9-93F7-4F1DF9197FF9}"
EndProject
Global
	GlobalSection(SolutionConfigurationPlatforms) = preSolution
		Debug|Any CPU = Debug|Any CPU
		Release|Any CPU = Release|Any CPU
	EndGlobalSection
	GlobalSection(ProjectConfigurationPlatforms) = postSolution
		{8E056E3E-BCB5-4EC9-93F7-4F1DF9197FF9}.Debug|Any CPU.ActiveCfg = Debug|Any CPU
		{8E056E3E-BCB5-4EC9-93F7-4F1DF9197FF9}.Debug|Any CPU.Build.0 = Debug|Any CPU
		{8E056E3E-BCB5-4EC9-93F7-4F1DF9197FF9}.Release|Any CPU.ActiveCfg = Release|Any CPU
		{8E056E3E-BCB5-4EC9-93F7-4F1DF9197FF9}.Release|Any CPU.Build.0 = Release|Any CPU
	EndGlobalSection
	GlobalSection(SolutionProperties) = preSolution
		HideSolutionNode = FALSE
	EndGlobalSection
	GlobalSection(ExtensibilityGlobals) = postSolution
		SolutionGuid = {62EECA87-E768-4E00-9A9D-A3C29DC4AA7B}
	EndGlobalSection
EndGlobal
